
Microsoft Visual Studio Solution File, Format Version 12.00
# Visual Studio Version 16
VisualStudioVersion = 25.0.1704.0
MinimumVisualStudioVersion = 10.0.40219.1
Project("{FAE04EC0-301F-11D3-BF4B-00C04F79EFBC}") = "HomeWork", "HomeWorkShipelenko\HomeWork.csproj", "{05778092-F795-4B2E-B53C-986EF8CFBAE8}"
EndProject
Global
	GlobalSection(SolutionConfigurationPlatforms) = preSolution
		Debug|Any CPU = Debug|Any CPU
		Release|Any CPU = Release|Any CPU
	EndGlobalSection
	GlobalSection(ProjectConfigurationPlatforms) = postSolution
		{05778092-F795-4B2E-B53C-986EF8CFBAE8}.Debug|Any CPU.ActiveCfg = Debug|Any CPU
		{05778092-F795-4B2E-B53C-986EF8CFBAE8}.Debug|Any CPU.Build.0 = Debug|Any CPU
		{05778092-F795-4B2E-B53C-986EF8CFBAE8}.Release|Any CPU.ActiveCfg = Release|Any CPU
		{05778092-F795-4B2E-B53C-986EF8CFBAE8}.Release|Any CPU.Build.0 = Release|Any CPU
	EndGlobalSection
	GlobalSection(SolutionProperties) = preSolution
		HideSolutionNode = FALSE
	EndGlobalSection
	GlobalSection(ExtensibilityGlobals) = postSolution
		SolutionGuid = {7C0D4B33-E4F2-4B2B-820D-897B6626B99C}
	EndGlobalSection
EndGlobal
